
Microsoft Visual Studio Solution File, Format Version 12.00
# Visual Studio 14
VisualStudioVersion = 14.0.25420.1
MinimumVisualStudioVersion = 10.0.40219.1
Project("{FAE04EC0-301F-11D3-BF4B-00C04F79EFBC}") = "CenterWatchCSVtoDB", "CenterWatchCSVtoDB\CenterWatchCSVtoDB.csproj", "{01F2D2D9-8BD9-4E2D-8E48-3364831B4EA3}"
EndProject
Global
	GlobalSection(SolutionConfigurationPlatforms) = preSolution
		Debug|Any CPU = Debug|Any CPU
		Release|Any CPU = Release|Any CPU
	EndGlobalSection
	GlobalSection(ProjectConfigurationPlatforms) = postSolution
		{01F2D2D9-8BD9-4E2D-8E48-3364831B4EA3}.Debug|Any CPU.ActiveCfg = Debug|Any CPU
		{01F2D2D9-8BD9-4E2D-8E48-3364831B4EA3}.Debug|Any CPU.Build.0 = Debug|Any CPU
		{01F2D2D9-8BD9-4E2D-8E48-3364831B4EA3}.Release|Any CPU.ActiveCfg = Release|Any CPU
		{01F2D2D9-8BD9-4E2D-8E48-3364831B4EA3}.Release|Any CPU.Build.0 = Release|Any CPU
	EndGlobalSection
	GlobalSection(SolutionProperties) = preSolution
		HideSolutionNode = FALSE
	EndGlobalSection
	GlobalSection(TeamFoundationVersionControl) = preSolution
		SccNumberOfProjects = 2
		SccEnterpriseProvider = {4CA58AB2-18FA-4F8D-95D4-32DDF27D184C}
		SccTeamFoundationServer = http://prodapp05:8080/tfs/eps
		SccLocalPath0 = .
		SccProjectUniqueName1 = CenterWatchCSVtoDB\\CenterWatchCSVtoDB.csproj
		SccProjectName1 = CenterWatchCSVtoDB
		SccLocalPath1 = CenterWatchCSVtoDB
	EndGlobalSection
EndGlobal
